{
  "requires": true,
  "lockfileVersion": 1,
  "dependencies": {
    "ghm": {
      "version": "1.0.0",
      "resolved": "https://globaldevtools.bbva.com:443/artifactory/api/npm/npm-repo/ghm/-/ghm-1.0.0.tgz",
      "integrity": "sha1-XphHyNJouH4b6E2FrKwVRyJ12x0="
    },
    "highlight.js": {
      "version": "7.0.1",
      "resolved": "https://globaldevtools.bbva.com:443/artifactory/api/npm/npm-repo/highlight.js/-/highlight.js-7.0.1.tgz",
      "integrity": "sha1-QuRhuYoNPE+QzQtmg2TGXAi8bdA="
    },
    "lit": {
      "version": "1.0.0",
      "resolved": "https://globaldevtools.bbva.com:443/artifactory/api/npm/npm-repo/lit/-/lit-1.0.0.tgz",
      "integrity": "sha1-+Io8xSma7QgkD1PW/R+QGrRoFGo=",
      "requires": {
        "ghm": "1.0.x",
        "highlight.js": "7.0.x",
        "optimist": "0.3.x"
      }
    },
    "optimist": {
      "version": "0.3.7",
      "resolved": "https://globaldevtools.bbva.com:443/artifactory/api/npm/npm-repo/optimist/-/optimist-0.3.7.tgz",
      "integrity": "sha1-yQlBrVnkJzMokjB00s8ufLxuwNk=",
      "requires": {
        "wordwrap": "~0.0.2"
      }
    },
    "wordwrap": {
      "version": "0.0.3",
      "resolved": "https://globaldevtools.bbva.com:443/artifactory/api/npm/npm-repo/wordwrap/-/wordwrap-0.0.3.tgz",
      "integrity": "sha1-o9XabNXAvAAI03I0u68b7WMFkQc="
    }
  }
}
